
Microsoft Visual Studio Solution File, Format Version 12.00
# Visual Studio Version 17
VisualStudioVersion = 17.4.33122.133
MinimumVisualStudioVersion = 10.0.40219.1
Project("{9A19103F-16F7-4668-BE54-9A1E7A4F7556}") = "Financial", "Financial\Financial.csproj", "{5FA9BAE6-CEA2-4BB4-A461-672ADEA3A504}"
EndProject
Project("{9A19103F-16F7-4668-BE54-9A1E7A4F7556}") = "Financial_BL", "Financial_BL\Financial_BL.csproj", "{EA300735-B666-48F2-A1F0-0E03687C3A04}"
EndProject
Project("{9A19103F-16F7-4668-BE54-9A1E7A4F7556}") = "Financial_DAL", "Financial_DAL\Financial_DAL.csproj", "{022BB756-2E70-4A7E-8A9F-89FF96199E1B}"
EndProject
Project("{FAE04EC0-301F-11D3-BF4B-00C04F79EFBC}") = "Financial_NUnitTest", "Financial_Test\Financial_NUnitTest.csproj", "{40CD7EE5-6A0B-4246-881A-56C06D8671C9}"
EndProject
Global
	GlobalSection(SolutionConfigurationPlatforms) = preSolution
		Debug|Any CPU = Debug|Any CPU
		Release|Any CPU = Release|Any CPU
	EndGlobalSection
	GlobalSection(ProjectConfigurationPlatforms) = postSolution
		{5FA9BAE6-CEA2-4BB4-A461-672ADEA3A504}.Debug|Any CPU.ActiveCfg = Debug|Any CPU
		{5FA9BAE6-CEA2-4BB4-A461-672ADEA3A504}.Debug|Any CPU.Build.0 = Debug|Any CPU
		{5FA9BAE6-CEA2-4BB4-A461-672ADEA3A504}.Release|Any CPU.ActiveCfg = Release|Any CPU
		{5FA9BAE6-CEA2-4BB4-A461-672ADEA3A504}.Release|Any CPU.Build.0 = Release|Any CPU
		{EA300735-B666-48F2-A1F0-0E03687C3A04}.Debug|Any CPU.ActiveCfg = Debug|Any CPU
		{EA300735-B666-48F2-A1F0-0E03687C3A04}.Debug|Any CPU.Build.0 = Debug|Any CPU
		{EA300735-B666-48F2-A1F0-0E03687C3A04}.Release|Any CPU.ActiveCfg = Release|Any CPU
		{EA300735-B666-48F2-A1F0-0E03687C3A04}.Release|Any CPU.Build.0 = Release|Any CPU
		{022BB756-2E70-4A7E-8A9F-89FF96199E1B}.Debug|Any CPU.ActiveCfg = Debug|Any CPU
		{022BB756-2E70-4A7E-8A9F-89FF96199E1B}.Debug|Any CPU.Build.0 = Debug|Any CPU
		{022BB756-2E70-4A7E-8A9F-89FF96199E1B}.Release|Any CPU.ActiveCfg = Release|Any CPU
		{022BB756-2E70-4A7E-8A9F-89FF96199E1B}.Release|Any CPU.Build.0 = Release|Any CPU
		{40CD7EE5-6A0B-4246-881A-56C06D8671C9}.Debug|Any CPU.ActiveCfg = Debug|Any CPU
		{40CD7EE5-6A0B-4246-881A-56C06D8671C9}.Debug|Any CPU.Build.0 = Debug|Any CPU
		{40CD7EE5-6A0B-4246-881A-56C06D8671C9}.Release|Any CPU.ActiveCfg = Release|Any CPU
		{40CD7EE5-6A0B-4246-881A-56C06D8671C9}.Release|Any CPU.Build.0 = Release|Any CPU
	EndGlobalSection
	GlobalSection(SolutionProperties) = preSolution
		HideSolutionNode = FALSE
	EndGlobalSection
	GlobalSection(ExtensibilityGlobals) = postSolution
		SolutionGuid = {47AD390E-A64C-46DD-8142-71EAE59DFF00}
	EndGlobalSection
EndGlobal
